
Microsoft Visual Studio Solution File, Format Version 11.00
# Visual Studio 2010
Project("{FAE04EC0-301F-11D3-BF4B-00C04F79EFBC}") = "PusherClient", "PusherClient\PusherClient.csproj", "{9E30E755-C00E-4BF7-B56B-8F2D836FBA60}"
EndProject
Project("{FAE04EC0-301F-11D3-BF4B-00C04F79EFBC}") = "ExampleApplication", "ExampleApplication\ExampleApplication.csproj", "{D6D38D9A-EF72-4C0D-A4A9-C325775E5CA3}"
EndProject
Project("{FAE04EC0-301F-11D3-BF4B-00C04F79EFBC}") = "AuthHost", "AuthHost\AuthHost.csproj", "{218EE921-5E27-4E15-9382-42DD2F40857C}"
EndProject
Global
	GlobalSection(SolutionConfigurationPlatforms) = preSolution
		Debug|Any CPU = Debug|Any CPU
		Release|Any CPU = Release|Any CPU
	EndGlobalSection
	GlobalSection(ProjectConfigurationPlatforms) = postSolution
		{9E30E755-C00E-4BF7-B56B-8F2D836FBA60}.Debug|Any CPU.ActiveCfg = Debug|Any CPU
		{9E30E755-C00E-4BF7-B56B-8F2D836FBA60}.Debug|Any CPU.Build.0 = Debug|Any CPU
		{9E30E755-C00E-4BF7-B56B-8F2D836FBA60}.Release|Any CPU.ActiveCfg = Release|Any CPU
		{9E30E755-C00E-4BF7-B56B-8F2D836FBA60}.Release|Any CPU.Build.0 = Release|Any CPU
		{D6D38D9A-EF72-4C0D-A4A9-C325775E5CA3}.Debug|Any CPU.ActiveCfg = Debug|Any CPU
		{D6D38D9A-EF72-4C0D-A4A9-C325775E5CA3}.Debug|Any CPU.Build.0 = Debug|Any CPU
		{D6D38D9A-EF72-4C0D-A4A9-C325775E5CA3}.Release|Any CPU.ActiveCfg = Release|Any CPU
		{D6D38D9A-EF72-4C0D-A4A9-C325775E5CA3}.Release|Any CPU.Build.0 = Release|Any CPU
		{218EE921-5E27-4E15-9382-42DD2F40857C}.Debug|Any CPU.ActiveCfg = Debug|Any CPU
		{218EE921-5E27-4E15-9382-42DD2F40857C}.Debug|Any CPU.Build.0 = Debug|Any CPU
		{218EE921-5E27-4E15-9382-42DD2F40857C}.Release|Any CPU.ActiveCfg = Release|Any CPU
		{218EE921-5E27-4E15-9382-42DD2F40857C}.Release|Any CPU.Build.0 = Release|Any CPU
	EndGlobalSection
	GlobalSection(SolutionProperties) = preSolution
		HideSolutionNode = FALSE
	EndGlobalSection
EndGlobal
