
Microsoft Visual Studio Solution File, Format Version 12.00
# Visual Studio Version 16
VisualStudioVersion = 16.0.29009.5
MinimumVisualStudioVersion = 10.0.40219.1
Project("{2150E333-8FDC-42A3-9474-1A3956D46DE8}") = "Files", "Files", "{2D9F07A0-C627-434A-8C94-CD7CD175720F}"
	ProjectSection(SolutionItems) = preProject
		.gitattributes = .gitattributes
		.gitignore = .gitignore
		AppConfig.sample.json = AppConfig.sample.json
		CHANGELOG.md = CHANGELOG.md
		CPU.count.2.runsettings = CPU.count.2.runsettings
		package.cmd = package.cmd
		README.md = README.md
		Root.Build.props = Root.Build.props
	EndProjectSection
EndProject
Project("{FAE04EC0-301F-11D3-BF4B-00C04F79EFBC}") = "PusherClient.Tests", "PusherClient.Tests\PusherClient.Tests.csproj", "{F016BFD6-1BD2-4E30-A2C2-1A02A85C0478}"
	ProjectSection(ProjectDependencies) = postProject
		{A325BB9F-6476-4422-AEF4-C22FA53890DD} = {A325BB9F-6476-4422-AEF4-C22FA53890DD}
	EndProjectSection
EndProject
Project("{FAE04EC0-301F-11D3-BF4B-00C04F79EFBC}") = "PusherClient.Tests.Utilities", "PusherClient.Tests.Utilities\PusherClient.Tests.Utilities.csproj", "{00F1F3BE-1210-4D06-89CA-F1E17898384C}"
	ProjectSection(ProjectDependencies) = postProject
		{A325BB9F-6476-4422-AEF4-C22FA53890DD} = {A325BB9F-6476-4422-AEF4-C22FA53890DD}
	EndProjectSection
EndProject
Project("{9A19103F-16F7-4668-BE54-9A1E7A4F7556}") = "PusherClient", "PusherClient\PusherClient.csproj", "{A325BB9F-6476-4422-AEF4-C22FA53890DD}"
EndProject
Project("{FAE04EC0-301F-11D3-BF4B-00C04F79EFBC}") = "ExampleApplication", "ExampleApplication\ExampleApplication.csproj", "{D6D38D9A-EF72-4C0D-A4A9-C325775E5CA3}"
	ProjectSection(ProjectDependencies) = postProject
		{A325BB9F-6476-4422-AEF4-C22FA53890DD} = {A325BB9F-6476-4422-AEF4-C22FA53890DD}
	EndProjectSection
EndProject
Project("{FAE04EC0-301F-11D3-BF4B-00C04F79EFBC}") = "AuthHost", "AuthHost\AuthHost.csproj", "{218EE921-5E27-4E15-9382-42DD2F40857C}"
EndProject
Global
	GlobalSection(SolutionConfigurationPlatforms) = preSolution
		Debug|Any CPU = Debug|Any CPU
		Release|Any CPU = Release|Any CPU
	EndGlobalSection
	GlobalSection(ProjectConfigurationPlatforms) = postSolution
		{F016BFD6-1BD2-4E30-A2C2-1A02A85C0478}.Debug|Any CPU.ActiveCfg = Debug|Any CPU
		{F016BFD6-1BD2-4E30-A2C2-1A02A85C0478}.Debug|Any CPU.Build.0 = Debug|Any CPU
		{F016BFD6-1BD2-4E30-A2C2-1A02A85C0478}.Release|Any CPU.ActiveCfg = Release|Any CPU
		{F016BFD6-1BD2-4E30-A2C2-1A02A85C0478}.Release|Any CPU.Build.0 = Release|Any CPU
		{00F1F3BE-1210-4D06-89CA-F1E17898384C}.Debug|Any CPU.ActiveCfg = Debug|Any CPU
		{00F1F3BE-1210-4D06-89CA-F1E17898384C}.Debug|Any CPU.Build.0 = Debug|Any CPU
		{00F1F3BE-1210-4D06-89CA-F1E17898384C}.Release|Any CPU.ActiveCfg = Release|Any CPU
		{00F1F3BE-1210-4D06-89CA-F1E17898384C}.Release|Any CPU.Build.0 = Release|Any CPU
		{A325BB9F-6476-4422-AEF4-C22FA53890DD}.Debug|Any CPU.ActiveCfg = Debug|Any CPU
		{A325BB9F-6476-4422-AEF4-C22FA53890DD}.Debug|Any CPU.Build.0 = Debug|Any CPU
		{A325BB9F-6476-4422-AEF4-C22FA53890DD}.Release|Any CPU.ActiveCfg = Release|Any CPU
		{A325BB9F-6476-4422-AEF4-C22FA53890DD}.Release|Any CPU.Build.0 = Release|Any CPU
		{D6D38D9A-EF72-4C0D-A4A9-C325775E5CA3}.Debug|Any CPU.ActiveCfg = Debug|Any CPU
		{D6D38D9A-EF72-4C0D-A4A9-C325775E5CA3}.Debug|Any CPU.Build.0 = Debug|Any CPU
		{D6D38D9A-EF72-4C0D-A4A9-C325775E5CA3}.Release|Any CPU.ActiveCfg = Release|Any CPU
		{D6D38D9A-EF72-4C0D-A4A9-C325775E5CA3}.Release|Any CPU.Build.0 = Release|Any CPU
		{218EE921-5E27-4E15-9382-42DD2F40857C}.Debug|Any CPU.ActiveCfg = Debug|Any CPU
		{218EE921-5E27-4E15-9382-42DD2F40857C}.Debug|Any CPU.Build.0 = Debug|Any CPU
		{218EE921-5E27-4E15-9382-42DD2F40857C}.Release|Any CPU.ActiveCfg = Release|Any CPU
		{218EE921-5E27-4E15-9382-42DD2F40857C}.Release|Any CPU.Build.0 = Release|Any CPU
	EndGlobalSection
	GlobalSection(SolutionProperties) = preSolution
		HideSolutionNode = FALSE
	EndGlobalSection
	GlobalSection(ExtensibilityGlobals) = postSolution
		SolutionGuid = {4F56D497-EB8C-4666-8ED9-F66B79A64B7B}
	EndGlobalSection
EndGlobal
